// !$*UTF8*$!
{
	archiveVersion = 1;
	classes = {
	};
	objectVersion = 56;
	objects = {

/* Begin PBXBuildFile section */
		1827C52E286B6D9D000FDED1 /* lcj3App.swift in Sources */ = {isa = PBXBuildFile; fileRef = 1827C52D286B6D9D000FDED1 /* lcj3App.swift */; };
		1827C530286B6D9D000FDED1 /* ContentView.swift in Sources */ = {isa = PBXBuildFile; fileRef = 1827C52F286B6D9D000FDED1 /* ContentView.swift */; };
		1827C532286B6D9E000FDED1 /* Assets.xcassets in Resources */ = {isa = PBXBuildFile; fileRef = 1827C531286B6D9E000FDED1 /* Assets.xcassets */; };
		1827C535286B6D9E000FDED1 /* Preview Assets.xcassets in Resources */ = {isa = PBXBuildFile; fileRef = 1827C534286B6D9E000FDED1 /* Preview Assets.xcassets */; };
		183E7E69286D04590083BDD8 /* VideoView.swift in Sources */ = {isa = PBXBuildFile; fileRef = 183E7E68286D04590083BDD8 /* VideoView.swift */; };
		183E7E6B286D06560083BDD8 /* WebView.swift in Sources */ = {isa = PBXBuildFile; fileRef = 183E7E6A286D06560083BDD8 /* WebView.swift */; };
		1849C672286BA41500887468 /* Abbreviate.swift in Sources */ = {isa = PBXBuildFile; fileRef = 1849C671286BA41500887468 /* Abbreviate.swift */; };
		1867FDB5286E453E00148758 /* APIKey.plist in Resources */ = {isa = PBXBuildFile; fileRef = 1867FDB4286E453E00148758 /* APIKey.plist */; };
		18A59A56286DEC07007928C3 /* SearchView.swift in Sources */ = {isa = PBXBuildFile; fileRef = 18A59A55286DEC07007928C3 /* SearchView.swift */; };
		18A59A58286DF640007928C3 /* SearchLogic.swift in Sources */ = {isa = PBXBuildFile; fileRef = 18A59A57286DF640007928C3 /* SearchLogic.swift */; };
/* End PBXBuildFile section */

/* Begin PBXFileReference section */
		1827C52A286B6D9D000FDED1 /* lcj3.app */ = {isa = PBXFileReference; explicitFileType = wrapper.application; includeInIndex = 0; path = lcj3.app; sourceTree = BUILT_PRODUCTS_DIR; };
		1827C52D286B6D9D000FDED1 /* lcj3App.swift */ = {isa = PBXFileReference; lastKnownFileType = sourcecode.swift; path = lcj3App.swift; sourceTree = "<group>"; };
		1827C52F286B6D9D000FDED1 /* ContentView.swift */ = {isa = PBXFileReference; lastKnownFileType = sourcecode.swift; path = ContentView.swift; sourceTree = "<group>"; };
		1827C531286B6D9E000FDED1 /* Assets.xcassets */ = {isa = PBXFileReference; lastKnownFileType = folder.assetcatalog; path = Assets.xcassets; sourceTree = "<group>"; };
		1827C534286B6D9E000FDED1 /* Preview Assets.xcassets */ = {isa = PBXFileReference; lastKnownFileType = folder.assetcatalog; path = "Preview Assets.xcassets"; sourceTree = "<group>"; };
		183E7E68286D04590083BDD8 /* VideoView.swift */ = {isa = PBXFileReference; lastKnownFileType = sourcecode.swift; path = VideoView.swift; sourceTree = "<group>"; };
		183E7E6A286D06560083BDD8 /* WebView.swift */ = {isa = PBXFileReference; lastKnownFileType = sourcecode.swift; path = WebView.swift; sourceTree = "<group>"; };
		183E7E6C286D17190083BDD8 /* Info.plist */ = {isa = PBXFileReference; lastKnownFileType = text.plist; path = Info.plist; sourceTree = "<group>"; };
		1849C671286BA41500887468 /* Abbreviate.swift */ = {isa = PBXFileReference; lastKnownFileType = sourcecode.swift; path = Abbreviate.swift; sourceTree = "<group>"; };
		1867FDB4286E453E00148758 /* APIKey.plist */ = {isa = PBXFileReference; lastKnownFileType = text.plist.xml; path = APIKey.plist; sourceTree = "<group>"; };
		18A59A55286DEC07007928C3 /* SearchView.swift */ = {isa = PBXFileReference; lastKnownFileType = sourcecode.swift; path = SearchView.swift; sourceTree = "<group>"; };
		18A59A57286DF640007928C3 /* SearchLogic.swift */ = {isa = PBXFileReference; lastKnownFileType = sourcecode.swift; path = SearchLogic.swift; sourceTree = "<group>"; };
/* End PBXFileReference section */

/* Begin PBXFrameworksBuildPhase section */
		1827C527286B6D9D000FDED1 /* Frameworks */ = {
			isa = PBXFrameworksBuildPhase;
			buildActionMask = 2147483647;
			files = (
			);
			runOnlyForDeploymentPostprocessing = 0;
		};
/* End PBXFrameworksBuildPhase section */

/* Begin PBXGroup section */
		1827C521286B6D9D000FDED1 = {
			isa = PBXGroup;
			children = (
				1827C52C286B6D9D000FDED1 /* lcj3 */,
				1827C52B286B6D9D000FDED1 /* Products */,
			);
			sourceTree = "<group>";
		};
		1827C52B286B6D9D000FDED1 /* Products */ = {
			isa = PBXGroup;
			children = (
				1827C52A286B6D9D000FDED1 /* lcj3.app */,
			);
			name = Products;
			sourceTree = "<group>";
		};
		1827C52C286B6D9D000FDED1 /* lcj3 */ = {
			isa = PBXGroup;
			children = (
				1867FDB4286E453E00148758 /* APIKey.plist */,
				183E7E6C286D17190083BDD8 /* Info.plist */,
				183E7E68286D04590083BDD8 /* VideoView.swift */,
				1827C52D286B6D9D000FDED1 /* lcj3App.swift */,
				1827C52F286B6D9D000FDED1 /* ContentView.swift */,
				18A59A55286DEC07007928C3 /* SearchView.swift */,
				18A59A57286DF640007928C3 /* SearchLogic.swift */,
				183E7E6A286D06560083BDD8 /* WebView.swift */,
				1849C671286BA41500887468 /* Abbreviate.swift */,
				1827C531286B6D9E000FDED1 /* Assets.xcassets */,
				1827C533286B6D9E000FDED1 /* Preview Content */,
			);
			path = lcj3;
			sourceTree = "<group>";
		};
		1827C533286B6D9E000FDED1 /* Preview Content */ = {
			isa = PBXGroup;
			children = (
				1827C534286B6D9E000FDED1 /* Preview Assets.xcassets */,
			);
			path = "Preview Content";
			sourceTree = "<group>";
		};
/* End PBXGroup section */

/* Begin PBXNativeTarget section */
		1827C529286B6D9D000FDED1 /* lcj3 */ = {
			isa = PBXNativeTarget;
			buildConfigurationList = 1827C538286B6D9E000FDED1 /* Build configuration list for PBXNativeTarget "lcj3" */;
			buildPhases = (
				1827C526286B6D9D000FDED1 /* Sources */,
				1827C527286B6D9D000FDED1 /* Frameworks */,
				1827C528286B6D9D000FDED1 /* Resources */,
			);
			buildRules = (
			);
			dependencies = (
			);
			name = lcj3;
			productName = lcj3;
			productReference = 1827C52A286B6D9D000FDED1 /* lcj3.app */;
			productType = "com.apple.product-type.application";
		};
/* End PBXNativeTarget section */

/* Begin PBXProject section */
		1827C522286B6D9D000FDED1 /* Project object */ = {
			isa = PBXProject;
			attributes = {
				BuildIndependentTargetsInParallel = 1;
				LastSwiftUpdateCheck = 1400;
				LastUpgradeCheck = 1400;
				TargetAttributes = {
					1827C529286B6D9D000FDED1 = {
						CreatedOnToolsVersion = 14.0;
					};
				};
			};
			buildConfigurationList = 1827C525286B6D9D000FDED1 /* Build configuration list for PBXProject "lcj3" */;
			compatibilityVersion = "Xcode 14.0";
			developmentRegion = en;
			hasScannedForEncodings = 0;
			knownRegions = (
				en,
				Base,
			);
			mainGroup = 1827C521286B6D9D000FDED1;
			productRefGroup = 1827C52B286B6D9D000FDED1 /* Products */;
			projectDirPath = "";
			projectRoot = "";
			targets = (
				1827C529286B6D9D000FDED1 /* lcj3 */,
			);
		};
/* End PBXProject section */

/* Begin PBXResourcesBuildPhase section */
		1827C528286B6D9D000FDED1 /* Resources */ = {
			isa = PBXResourcesBuildPhase;
			buildActionMask = 2147483647;
			files = (
				1827C535286B6D9E000FDED1 /* Preview Assets.xcassets in Resources */,
				1867FDB5286E453E00148758 /* APIKey.plist in Resources */,
				1827C532286B6D9E000FDED1 /* Assets.xcassets in Resources */,
			);
			runOnlyForDeploymentPostprocessing = 0;
		};
/* End PBXResourcesBuildPhase section */

/* Begin PBXSourcesBuildPhase section */
		1827C526286B6D9D000FDED1 /* Sources */ = {
			isa = PBXSourcesBuildPhase;
			buildActionMask = 2147483647;
			files = (
				18A59A58286DF640007928C3 /* SearchLogic.swift in Sources */,
				183E7E69286D04590083BDD8 /* VideoView.swift in Sources */,
				183E7E6B286D06560083BDD8 /* WebView.swift in Sources */,
				1827C530286B6D9D000FDED1 /* ContentView.swift in Sources */,
				1849C672286BA41500887468 /* Abbreviate.swift in Sources */,
				18A59A56286DEC07007928C3 /* SearchView.swift in Sources */,
				1827C52E286B6D9D000FDED1 /* lcj3App.swift in Sources */,
			);
			runOnlyForDeploymentPostprocessing = 0;
		};
/* End PBXSourcesBuildPhase section */

/* Begin XCBuildConfiguration section */
		1827C536286B6D9E000FDED1 /* Debug */ = {
			isa = XCBuildConfiguration;
			buildSettings = {
				ALWAYS_SEARCH_USER_PATHS = NO;
				CLANG_ANALYZER_NONNULL = YES;
				CLANG_ANALYZER_NUMBER_OBJECT_CONVERSION = YES_AGGRESSIVE;
				CLANG_CXX_LANGUAGE_STANDARD = "gnu++17";
				CLANG_ENABLE_MODULES = YES;
				CLANG_ENABLE_OBJC_ARC = YES;
				CLANG_ENABLE_OBJC_WEAK = YES;
				CLANG_WARN_BLOCK_CAPTURE_AUTORELEASING = YES;
				CLANG_WARN_BOOL_CONVERSION = YES;
				CLANG_WARN_COMMA = YES;
				CLANG_WARN_CONSTANT_CONVERSION = YES;
				CLANG_WARN_DEPRECATED_OBJC_IMPLEMENTATIONS = YES;
				CLANG_WARN_DIRECT_OBJC_ISA_USAGE = YES_ERROR;
				CLANG_WARN_DOCUMENTATION_COMMENTS = YES;
				CLANG_WARN_EMPTY_BODY = YES;
				CLANG_WARN_ENUM_CONVERSION = YES;
				CLANG_WARN_INFINITE_RECURSION = YES;
				CLANG_WARN_INT_CONVERSION = YES;
				CLANG_WARN_NON_LITERAL_NULL_CONVERSION = YES;
				CLANG_WARN_OBJC_IMPLICIT_RETAIN_SELF = YES;
				CLANG_WARN_OBJC_LITERAL_CONVERSION = YES;
				CLANG_WARN_OBJC_ROOT_CLASS = YES_ERROR;
				CLANG_WARN_QUOTED_INCLUDE_IN_FRAMEWORK_HEADER = YES;
				CLANG_WARN_RANGE_LOOP_ANALYSIS = YES;
				CLANG_WARN_STRICT_PROTOTYPES = YES;
				CLANG_WARN_SUSPICIOUS_MOVE = YES;
				CLANG_WARN_UNGUARDED_AVAILABILITY = YES_AGGRESSIVE;
				CLANG_WARN_UNREACHABLE_CODE = YES;
				CLANG_WARN__DUPLICATE_METHOD_MATCH = YES;
				COPY_PHASE_STRIP = NO;
				DEBUG_INFORMATION_FORMAT = dwarf;
				ENABLE_STRICT_OBJC_MSGSEND = YES;
				ENABLE_TESTABILITY = YES;
				GCC_C_LANGUAGE_STANDARD = gnu11;
				GCC_DYNAMIC_NO_PIC = NO;
				GCC_NO_COMMON_BLOCKS = YES;
				GCC_OPTIMIZATION_LEVEL = 0;
				GCC_PREPROCESSOR_DEFINITIONS = (
					"DEBUG=1",
					"$(inherited)",
				);
				GCC_WARN_64_TO_32_BIT_CONVERSION = YES;
				GCC_WARN_ABOUT_RETURN_TYPE = YES_ERROR;
				GCC_WARN_UNDECLARED_SELECTOR = YES;
				GCC_WARN_UNINITIALIZED_AUTOS = YES_AGGRESSIVE;
				GCC_WARN_UNUSED_FUNCTION = YES;
				GCC_WARN_UNUSED_VARIABLE = YES;
				IPHONEOS_DEPLOYMENT_TARGET = 16.0;
				MTL_ENABLE_DEBUG_INFO = INCLUDE_SOURCE;
				MTL_FAST_MATH = YES;
				ONLY_ACTIVE_ARCH = YES;
				SDKROOT = iphoneos;
				SWIFT_ACTIVE_COMPILATION_CONDITIONS = DEBUG;
				SWIFT_OPTIMIZATION_LEVEL = "-Onone";
			};
			name = Debug;
		};
		1827C537286B6D9E000FDED1 /* Release */ = {
			isa = XCBuildConfiguration;
			buildSettings = {
				ALWAYS_SEARCH_USER_PATHS = NO;
				CLANG_ANALYZER_NONNULL = YES;
				CLANG_ANALYZER_NUMBER_OBJECT_CONVERSION = YES_AGGRESSIVE;
				CLANG_CXX_LANGUAGE_STANDARD = "gnu++17";
				CLANG_ENABLE_MODULES = YES;
				CLANG_ENABLE_OBJC_ARC = YES;
				CLANG_ENABLE_OBJC_WEAK = YES;
				CLANG_WARN_BLOCK_CAPTURE_AUTORELEASING = YES;
				CLANG_WARN_BOOL_CONVERSION = YES;
				CLANG_WARN_COMMA = YES;
				CLANG_WARN_CONSTANT_CONVERSION = YES;
				CLANG_WARN_DEPRECATED_OBJC_IMPLEMENTATIONS = YES;
				CLANG_WARN_DIRECT_OBJC_ISA_USAGE = YES_ERROR;
				CLANG_WARN_DOCUMENTATION_COMMENTS = YES;
				CLANG_WARN_EMPTY_BODY = YES;
				CLANG_WARN_ENUM_CONVERSION = YES;
				CLANG_WARN_INFINITE_RECURSION = YES;
				CLANG_WARN_INT_CONVERSION = YES;
				CLANG_WARN_NON_LITERAL_NULL_CONVERSION = YES;
				CLANG_WARN_OBJC_IMPLICIT_RETAIN_SELF = YES;
				CLANG_WARN_OBJC_LITERAL_CONVERSION = YES;
				CLANG_WARN_OBJC_ROOT_CLASS = YES_ERROR;
				CLANG_WARN_QUOTED_INCLUDE_IN_FRAMEWORK_HEADER = YES;
				CLANG_WARN_RANGE_LOOP_ANALYSIS = YES;
				CLANG_WARN_STRICT_PROTOTYPES = YES;
				CLANG_WARN_SUSPICIOUS_MOVE = YES;
				CLANG_WARN_UNGUARDED_AVAILABILITY = YES_AGGRESSIVE;
				CLANG_WARN_UNREACHABLE_CODE = YES;
				CLANG_WARN__DUPLICATE_METHOD_MATCH = YES;
				COPY_PHASE_STRIP = NO;
				DEBUG_INFORMATION_FORMAT = "dwarf-with-dsym";
				ENABLE_NS_ASSERTIONS = NO;
				ENABLE_STRICT_OBJC_MSGSEND = YES;
				GCC_C_LANGUAGE_STANDARD = gnu11;
				GCC_NO_COMMON_BLOCKS = YES;
				GCC_WARN_64_TO_32_BIT_CONVERSION = YES;
				GCC_WARN_ABOUT_RETURN_TYPE = YES_ERROR;
				GCC_WARN_UNDECLARED_SELECTOR = YES;
				GCC_WARN_UNINITIALIZED_AUTOS = YES_AGGRESSIVE;
				GCC_WARN_UNUSED_FUNCTION = YES;
				GCC_WARN_UNUSED_VARIABLE = YES;
				IPHONEOS_DEPLOYMENT_TARGET = 16.0;
				MTL_ENABLE_DEBUG_INFO = NO;
				MTL_FAST_MATH = YES;
				SDKROOT = iphoneos;
				SWIFT_COMPILATION_MODE = wholemodule;
				SWIFT_OPTIMIZATION_LEVEL = "-O";
				VALIDATE_PRODUCT = YES;
			};
			name = Release;
		};
		1827C539286B6D9E000FDED1 /* Debug */ = {
			isa = XCBuildConfiguration;
			buildSettings = {
				ASSETCATALOG_COMPILER_APPICON_NAME = AppIcon;
				ASSETCATALOG_COMPILER_GLOBAL_ACCENT_COLOR_NAME = AccentColor;
				CODE_SIGN_STYLE = Automatic;
				CURRENT_PROJECT_VERSION = 1;
				DEVELOPMENT_ASSET_PATHS = "\"lcj3/Preview Content\"";
				DEVELOPMENT_TEAM = Y23FS84988;
				ENABLE_PREVIEWS = YES;
				GENERATE_INFOPLIST_FILE = YES;
				INFOPLIST_FILE = lcj3/Info.plist;
				INFOPLIST_KEY_CFBundleDisplayName = "LCJ!";
				INFOPLIST_KEY_LSApplicationCategoryType = "public.app-category.entertainment";
				INFOPLIST_KEY_UIApplicationSceneManifest_Generation = YES;
				INFOPLIST_KEY_UIApplicationSupportsIndirectInputEvents = YES;
				INFOPLIST_KEY_UILaunchScreen_Generation = YES;
				INFOPLIST_KEY_UISupportedInterfaceOrientations = UIInterfaceOrientationPortrait;
				INFOPLIST_KEY_UISupportedInterfaceOrientations_iPad = "UIInterfaceOrientationLandscapeLeft UIInterfaceOrientationLandscapeRight UIInterfaceOrientationPortraitUpsideDown";
				IPHONEOS_DEPLOYMENT_TARGET = 15.5;
				LD_RUNPATH_SEARCH_PATHS = (
					"$(inherited)",
					"@executable_path/Frameworks",
				);
				MARKETING_VERSION = 3.0;
				PRODUCT_BUNDLE_IDENTIFIER = com.dagg.lcj3;
				PRODUCT_NAME = "$(TARGET_NAME)";
				SUPPORTED_PLATFORMS = "iphoneos iphonesimulator";
				SUPPORTS_MACCATALYST = NO;
				SUPPORTS_MAC_DESIGNED_FOR_IPHONE_IPAD = NO;
				SWIFT_EMIT_LOC_STRINGS = YES;
				SWIFT_VERSION = 5.0;
				TARGETED_DEVICE_FAMILY = 1;
			};
			name = Debug;
		};
		1827C53A286B6D9E000FDED1 /* Release */ = {
			isa = XCBuildConfiguration;
			buildSettings = {
				ASSETCATALOG_COMPILER_APPICON_NAME = AppIcon;
				ASSETCATALOG_COMPILER_GLOBAL_ACCENT_COLOR_NAME = AccentColor;
				CODE_SIGN_STYLE = Automatic;
				CURRENT_PROJECT_VERSION = 1;
				DEVELOPMENT_ASSET_PATHS = "\"lcj3/Preview Content\"";
				DEVELOPMENT_TEAM = Y23FS84988;
				ENABLE_PREVIEWS = YES;
				GENERATE_INFOPLIST_FILE = YES;
				INFOPLIST_FILE = lcj3/Info.plist;
				INFOPLIST_KEY_CFBundleDisplayName = "LCJ!";
				INFOPLIST_KEY_LSApplicationCategoryType = "public.app-category.entertainment";
				INFOPLIST_KEY_UIApplicationSceneManifest_Generation = YES;
				INFOPLIST_KEY_UIApplicationSupportsIndirectInputEvents = YES;
				INFOPLIST_KEY_UILaunchScreen_Generation = YES;
				INFOPLIST_KEY_UISupportedInterfaceOrientations = UIInterfaceOrientationPortrait;
				INFOPLIST_KEY_UISupportedInterfaceOrientations_iPad = "UIInterfaceOrientationLandscapeLeft UIInterfaceOrientationLandscapeRight UIInterfaceOrientationPortraitUpsideDown";
				IPHONEOS_DEPLOYMENT_TARGET = 15.5;
				LD_RUNPATH_SEARCH_PATHS = (
					"$(inherited)",
					"@executable_path/Frameworks",
				);
				MARKETING_VERSION = 3.0;
				PRODUCT_BUNDLE_IDENTIFIER = com.dagg.lcj3;
				PRODUCT_NAME = "$(TARGET_NAME)";
				SUPPORTED_PLATFORMS = "iphoneos iphonesimulator";
				SUPPORTS_MACCATALYST = NO;
				SUPPORTS_MAC_DESIGNED_FOR_IPHONE_IPAD = NO;
				SWIFT_EMIT_LOC_STRINGS = YES;
				SWIFT_VERSION = 5.0;
				TARGETED_DEVICE_FAMILY = 1;
			};
			name = Release;
		};
/* End XCBuildConfiguration section */

/* Begin XCConfigurationList section */
		1827C525286B6D9D000FDED1 /* Build configuration list for PBXProject "lcj3" */ = {
			isa = XCConfigurationList;
			buildConfigurations = (
				1827C536286B6D9E000FDED1 /* Debug */,
				1827C537286B6D9E000FDED1 /* Release */,
			);
			defaultConfigurationIsVisible = 0;
			defaultConfigurationName = Release;
		};
		1827C538286B6D9E000FDED1 /* Build configuration list for PBXNativeTarget "lcj3" */ = {
			isa = XCConfigurationList;
			buildConfigurations = (
				1827C539286B6D9E000FDED1 /* Debug */,
				1827C53A286B6D9E000FDED1 /* Release */,
			);
			defaultConfigurationIsVisible = 0;
			defaultConfigurationName = Release;
		};
/* End XCConfigurationList section */
	};
	rootObject = 1827C522286B6D9D000FDED1 /* Project object */;
}
